{
  "name": "isolated-vm-case",
  "version": "1.0.0",
  "lockfileVersion": 1,
  "requires": true,
  "dependencies": {
    "@baidu/isolate-worker": {
      "version": "0.0.0-beta.15",
      "resolved": "http://registry.npm.baidu-int.com/@baidu%2fisolate-worker/-/isolate-worker-0.0.0-beta.15.tgz",
      "integrity": "sha512-gN2QNmo51/RuPYG6Km1bw15iY5LBEzXfE/bZXeg2+wea2HZroj+5hsAqqvmKuMdagKxjUnNxEi4So/vQYTQJvg==",
      "requires": {
        "ws": "^8.12.1"
      }
    },
    "highlight.js": {
      "version": "11.8.0",
      "resolved": "http://registry.npm.baidu-int.com/highlight.js/-/highlight.js-11.8.0.tgz",
      "integrity": "sha512-MedQhoqVdr0U6SSnWPzfiadUcDHfN/Wzq25AkXiQv9oiOO/sG0S7XkvpFIqWBl9Yq1UYyYOOVORs5UW2XlPyzg=="
    },
    "isolated-vm": {
      "version": "4.4.2",
      "resolved": "http://registry.npm.baidu-int.com/isolated-vm/-/isolated-vm-4.4.2.tgz",
      "integrity": "sha512-4ObzqZWZTS3bQtavzgoCMsOxpQt3hMeenkPavx2Razig3wX3fAkXZ3XpmqXKoJu6KMl4egBI1MfSg0BnxZ/rfg=="
    },
    "marked": {
      "version": "4.3.0",
      "resolved": "http://registry.npm.baidu-int.com/marked/-/marked-4.3.0.tgz",
      "integrity": "sha512-PRsaiG84bK+AMvxziE/lCFss8juXjNaWzVbN5tXAm4XjeaS9NAHhop+PjQxz2A9h8Q4M/xGmzP8vqNwy6JeK0A=="
    },
    "ws": {
      "version": "8.13.0",
      "resolved": "http://registry.npm.baidu-int.com/ws/-/ws-8.13.0.tgz",
      "integrity": "sha512-x9vcZYTrFPC7aSIbj7sRCYo7L/Xb8Iy+pW0ng0wt2vCJv7M9HOMy0UoN3rr+IFC7hb7vXoqS+P9ktyLLLhO+LA=="
    }
  }
}
